
Microsoft Visual Studio Solution File, Format Version 12.00
# Visual Studio Version 17
VisualStudioVersion = 17.9.34714.143
MinimumVisualStudioVersion = 10.0.40219.1
Project("{FAE04EC0-301F-11D3-BF4B-00C04F79EFBC}") = "Task1", "Task1\Task1.csproj", "{3C017039-515A-463D-A02A-FC8891B7C25E}"
EndProject
Project("{FAE04EC0-301F-11D3-BF4B-00C04F79EFBC}") = "Task2", "Task2\Task2.csproj", "{0018E890-3598-481D-AED1-153443251F47}"
EndProject
Global
	GlobalSection(SolutionConfigurationPlatforms) = preSolution
		Debug|Any CPU = Debug|Any CPU
		Release|Any CPU = Release|Any CPU
	EndGlobalSection
	GlobalSection(ProjectConfigurationPlatforms) = postSolution
		{3C017039-515A-463D-A02A-FC8891B7C25E}.Debug|Any CPU.ActiveCfg = Debug|Any CPU
		{3C017039-515A-463D-A02A-FC8891B7C25E}.Debug|Any CPU.Build.0 = Debug|Any CPU
		{3C017039-515A-463D-A02A-FC8891B7C25E}.Release|Any CPU.ActiveCfg = Release|Any CPU
		{3C017039-515A-463D-A02A-FC8891B7C25E}.Release|Any CPU.Build.0 = Release|Any CPU
		{0018E890-3598-481D-AED1-153443251F47}.Debug|Any CPU.ActiveCfg = Debug|Any CPU
		{0018E890-3598-481D-AED1-153443251F47}.Debug|Any CPU.Build.0 = Debug|Any CPU
		{0018E890-3598-481D-AED1-153443251F47}.Release|Any CPU.ActiveCfg = Release|Any CPU
		{0018E890-3598-481D-AED1-153443251F47}.Release|Any CPU.Build.0 = Release|Any CPU
	EndGlobalSection
	GlobalSection(SolutionProperties) = preSolution
		HideSolutionNode = FALSE
	EndGlobalSection
	GlobalSection(ExtensibilityGlobals) = postSolution
		SolutionGuid = {C1EA272C-BDB2-4E85-BE2F-6914D08575CE}
	EndGlobalSection
EndGlobal
