
Microsoft Visual Studio Solution File, Format Version 12.00
# Visual Studio Version 17
VisualStudioVersion = 17.3.32819.101
MinimumVisualStudioVersion = 10.0.40219.1
Project("{9A19103F-16F7-4668-BE54-9A1E7A4F7556}") = "Task1", "Task1\Task1.csproj", "{AF1CA9FE-AD90-4F98-80F6-0647A53654AE}"
EndProject
Project("{9A19103F-16F7-4668-BE54-9A1E7A4F7556}") = "Task2", "Task2\Task2.csproj", "{729B4AED-79E2-4644-8EA2-12180A8A131A}"
EndProject
Project("{9A19103F-16F7-4668-BE54-9A1E7A4F7556}") = "Task3", "Task3\Task3.csproj", "{81A6C786-F2B5-44E3-9B15-C5C893993886}"
EndProject
Project("{9A19103F-16F7-4668-BE54-9A1E7A4F7556}") = "Task4", "Task4\Task4.csproj", "{8213A7F7-FFD0-4F22-B9B4-8C038E41D95F}"
EndProject
Project("{9A19103F-16F7-4668-BE54-9A1E7A4F7556}") = "Task5", "Task5\Task5.csproj", "{62B8369B-FB61-48FB-BCD9-0F15F5B5954C}"
EndProject
Global
	GlobalSection(SolutionConfigurationPlatforms) = preSolution
		Debug|Any CPU = Debug|Any CPU
		Release|Any CPU = Release|Any CPU
	EndGlobalSection
	GlobalSection(ProjectConfigurationPlatforms) = postSolution
		{AF1CA9FE-AD90-4F98-80F6-0647A53654AE}.Debug|Any CPU.ActiveCfg = Debug|Any CPU
		{AF1CA9FE-AD90-4F98-80F6-0647A53654AE}.Debug|Any CPU.Build.0 = Debug|Any CPU
		{AF1CA9FE-AD90-4F98-80F6-0647A53654AE}.Release|Any CPU.ActiveCfg = Release|Any CPU
		{AF1CA9FE-AD90-4F98-80F6-0647A53654AE}.Release|Any CPU.Build.0 = Release|Any CPU
		{729B4AED-79E2-4644-8EA2-12180A8A131A}.Debug|Any CPU.ActiveCfg = Debug|Any CPU
		{729B4AED-79E2-4644-8EA2-12180A8A131A}.Debug|Any CPU.Build.0 = Debug|Any CPU
		{729B4AED-79E2-4644-8EA2-12180A8A131A}.Release|Any CPU.ActiveCfg = Release|Any CPU
		{729B4AED-79E2-4644-8EA2-12180A8A131A}.Release|Any CPU.Build.0 = Release|Any CPU
		{81A6C786-F2B5-44E3-9B15-C5C893993886}.Debug|Any CPU.ActiveCfg = Debug|Any CPU
		{81A6C786-F2B5-44E3-9B15-C5C893993886}.Debug|Any CPU.Build.0 = Debug|Any CPU
		{81A6C786-F2B5-44E3-9B15-C5C893993886}.Release|Any CPU.ActiveCfg = Release|Any CPU
		{81A6C786-F2B5-44E3-9B15-C5C893993886}.Release|Any CPU.Build.0 = Release|Any CPU
		{8213A7F7-FFD0-4F22-B9B4-8C038E41D95F}.Debug|Any CPU.ActiveCfg = Debug|Any CPU
		{8213A7F7-FFD0-4F22-B9B4-8C038E41D95F}.Debug|Any CPU.Build.0 = Debug|Any CPU
		{8213A7F7-FFD0-4F22-B9B4-8C038E41D95F}.Release|Any CPU.ActiveCfg = Release|Any CPU
		{8213A7F7-FFD0-4F22-B9B4-8C038E41D95F}.Release|Any CPU.Build.0 = Release|Any CPU
		{62B8369B-FB61-48FB-BCD9-0F15F5B5954C}.Debug|Any CPU.ActiveCfg = Debug|Any CPU
		{62B8369B-FB61-48FB-BCD9-0F15F5B5954C}.Debug|Any CPU.Build.0 = Debug|Any CPU
		{62B8369B-FB61-48FB-BCD9-0F15F5B5954C}.Release|Any CPU.ActiveCfg = Release|Any CPU
		{62B8369B-FB61-48FB-BCD9-0F15F5B5954C}.Release|Any CPU.Build.0 = Release|Any CPU
	EndGlobalSection
	GlobalSection(SolutionProperties) = preSolution
		HideSolutionNode = FALSE
	EndGlobalSection
	GlobalSection(ExtensibilityGlobals) = postSolution
		SolutionGuid = {850BF03C-1661-449A-AA78-C0DFF8187813}
	EndGlobalSection
EndGlobal
